// !$*UTF8*$!
{
	archiveVersion = 1;
	classes = {
	};
	objectVersion = 50;
	objects = {

/* Begin PBXBuildFile section */
		52FEA2F7228349140074F405 /* AppDelegate.swift in Sources */ = {isa = PBXBuildFile; fileRef = 52FEA2F6228349140074F405 /* AppDelegate.swift */; };
		52FEA2F9228349140074F405 /* GameViewController.swift in Sources */ = {isa = PBXBuildFile; fileRef = 52FEA2F8228349140074F405 /* GameViewController.swift */; };
		52FEA2FE228349170074F405 /* Assets.xcassets in Resources */ = {isa = PBXBuildFile; fileRef = 52FEA2FD228349170074F405 /* Assets.xcassets */; };
		52FEA301228349170074F405 /* LaunchScreen.storyboard in Resources */ = {isa = PBXBuildFile; fileRef = 52FEA2FF228349170074F405 /* LaunchScreen.storyboard */; };
		52FEA31E22834EE10074F405 /* UIViewExtensions.swift in Sources */ = {isa = PBXBuildFile; fileRef = 52FEA31D22834EE10074F405 /* UIViewExtensions.swift */; };
		52FEA325228372760074F405 /* TileView.swift in Sources */ = {isa = PBXBuildFile; fileRef = 52FEA324228372760074F405 /* TileView.swift */; };
		52FEA3272283729A0074F405 /* AppearanceProvider.swift in Sources */ = {isa = PBXBuildFile; fileRef = 52FEA3262283729A0074F405 /* AppearanceProvider.swift */; };
		52FEA332228410440074F405 /* GameboardView.swift in Sources */ = {isa = PBXBuildFile; fileRef = 52FEA331228410440074F405 /* GameboardView.swift */; };
		52FEA338228432430074F405 /* UIViewExtensions.swift in Sources */ = {isa = PBXBuildFile; fileRef = 52FEA336228432430074F405 /* UIViewExtensions.swift */; };
		52FEA339228432430074F405 /* UIButtonExtensions.swift in Sources */ = {isa = PBXBuildFile; fileRef = 52FEA337228432430074F405 /* UIButtonExtensions.swift */; };
		52FEA33B228432C10074F405 /* AnimationEngine.swift in Sources */ = {isa = PBXBuildFile; fileRef = 52FEA33A228432C10074F405 /* AnimationEngine.swift */; };
		52FEA33D228434240074F405 /* TilePosition.swift in Sources */ = {isa = PBXBuildFile; fileRef = 52FEA33C228434240074F405 /* TilePosition.swift */; };
		52FEA33F228438650074F405 /* GameSession.swift in Sources */ = {isa = PBXBuildFile; fileRef = 52FEA33E228438650074F405 /* GameSession.swift */; };
		52FEA34122843B590074F405 /* GameSessionDelegate.swift in Sources */ = {isa = PBXBuildFile; fileRef = 52FEA34022843B590074F405 /* GameSessionDelegate.swift */; };
		52FEA34322843D780074F405 /* TileObject.swift in Sources */ = {isa = PBXBuildFile; fileRef = 52FEA34222843D780074F405 /* TileObject.swift */; };
		52FEA34522843DB10074F405 /* SquareGameboard.swift in Sources */ = {isa = PBXBuildFile; fileRef = 52FEA34422843DB10074F405 /* SquareGameboard.swift */; };
		52FEA34A22844AEE0074F405 /* MoveDirection.swift in Sources */ = {isa = PBXBuildFile; fileRef = 52FEA34922844AEE0074F405 /* MoveDirection.swift */; };
		52FEA34C22844CD80074F405 /* MoveCommand.swift in Sources */ = {isa = PBXBuildFile; fileRef = 52FEA34B22844CD80074F405 /* MoveCommand.swift */; };
		52FEA34F2286AEC10074F405 /* GameSessionStorage.swift in Sources */ = {isa = PBXBuildFile; fileRef = 52FEA34E2286AEC10074F405 /* GameSessionStorage.swift */; };
/* End PBXBuildFile section */

/* Begin PBXFileReference section */
		52FEA2F3228349140074F405 /* Puzzle2048.app */ = {isa = PBXFileReference; explicitFileType = wrapper.application; includeInIndex = 0; path = Puzzle2048.app; sourceTree = BUILT_PRODUCTS_DIR; };
		52FEA2F6228349140074F405 /* AppDelegate.swift */ = {isa = PBXFileReference; lastKnownFileType = sourcecode.swift; path = AppDelegate.swift; sourceTree = "<group>"; };
		52FEA2F8228349140074F405 /* GameViewController.swift */ = {isa = PBXFileReference; lastKnownFileType = sourcecode.swift; path = GameViewController.swift; sourceTree = "<group>"; };
		52FEA2FD228349170074F405 /* Assets.xcassets */ = {isa = PBXFileReference; lastKnownFileType = folder.assetcatalog; path = Assets.xcassets; sourceTree = "<group>"; };
		52FEA300228349170074F405 /* Base */ = {isa = PBXFileReference; lastKnownFileType = file.storyboard; name = Base; path = Base.lproj/LaunchScreen.storyboard; sourceTree = "<group>"; };
		52FEA302228349170074F405 /* Info.plist */ = {isa = PBXFileReference; lastKnownFileType = text.plist.xml; path = Info.plist; sourceTree = "<group>"; };
		52FEA30B228349170074F405 /* Puzzle2048UITests.swift */ = {isa = PBXFileReference; lastKnownFileType = sourcecode.swift; path = Puzzle2048UITests.swift; sourceTree = "<group>"; };
		52FEA30D228349170074F405 /* Info.plist */ = {isa = PBXFileReference; lastKnownFileType = text.plist.xml; path = Info.plist; sourceTree = "<group>"; };
		52FEA31D22834EE10074F405 /* UIViewExtensions.swift */ = {isa = PBXFileReference; lastKnownFileType = sourcecode.swift; path = UIViewExtensions.swift; sourceTree = "<group>"; };
		52FEA324228372760074F405 /* TileView.swift */ = {isa = PBXFileReference; lastKnownFileType = sourcecode.swift; path = TileView.swift; sourceTree = "<group>"; };
		52FEA3262283729A0074F405 /* AppearanceProvider.swift */ = {isa = PBXFileReference; lastKnownFileType = sourcecode.swift; path = AppearanceProvider.swift; sourceTree = "<group>"; };
		52FEA331228410440074F405 /* GameboardView.swift */ = {isa = PBXFileReference; lastKnownFileType = sourcecode.swift; path = GameboardView.swift; sourceTree = "<group>"; };
		52FEA336228432430074F405 /* UIViewExtensions.swift */ = {isa = PBXFileReference; fileEncoding = 4; lastKnownFileType = sourcecode.swift; path = UIViewExtensions.swift; sourceTree = "<group>"; };
		52FEA337228432430074F405 /* UIButtonExtensions.swift */ = {isa = PBXFileReference; fileEncoding = 4; lastKnownFileType = sourcecode.swift; path = UIButtonExtensions.swift; sourceTree = "<group>"; };
		52FEA33A228432C10074F405 /* AnimationEngine.swift */ = {isa = PBXFileReference; lastKnownFileType = sourcecode.swift; path = AnimationEngine.swift; sourceTree = "<group>"; };
		52FEA33C228434240074F405 /* TilePosition.swift */ = {isa = PBXFileReference; lastKnownFileType = sourcecode.swift; path = TilePosition.swift; sourceTree = "<group>"; };
		52FEA33E228438650074F405 /* GameSession.swift */ = {isa = PBXFileReference; lastKnownFileType = sourcecode.swift; path = GameSession.swift; sourceTree = "<group>"; };
		52FEA34022843B590074F405 /* GameSessionDelegate.swift */ = {isa = PBXFileReference; lastKnownFileType = sourcecode.swift; path = GameSessionDelegate.swift; sourceTree = "<group>"; };
		52FEA34222843D780074F405 /* TileObject.swift */ = {isa = PBXFileReference; lastKnownFileType = sourcecode.swift; path = TileObject.swift; sourceTree = "<group>"; };
		52FEA34422843DB10074F405 /* SquareGameboard.swift */ = {isa = PBXFileReference; lastKnownFileType = sourcecode.swift; path = SquareGameboard.swift; sourceTree = "<group>"; };
		52FEA34922844AEE0074F405 /* MoveDirection.swift */ = {isa = PBXFileReference; lastKnownFileType = sourcecode.swift; path = MoveDirection.swift; sourceTree = "<group>"; };
		52FEA34B22844CD80074F405 /* MoveCommand.swift */ = {isa = PBXFileReference; lastKnownFileType = sourcecode.swift; path = MoveCommand.swift; sourceTree = "<group>"; };
		52FEA34E2286AEC10074F405 /* GameSessionStorage.swift */ = {isa = PBXFileReference; lastKnownFileType = sourcecode.swift; path = GameSessionStorage.swift; sourceTree = "<group>"; };
/* End PBXFileReference section */

/* Begin PBXFrameworksBuildPhase section */
		52FEA2F0228349140074F405 /* Frameworks */ = {
			isa = PBXFrameworksBuildPhase;
			buildActionMask = 2147483647;
			files = (
			);
			runOnlyForDeploymentPostprocessing = 0;
		};
/* End PBXFrameworksBuildPhase section */

/* Begin PBXGroup section */
		52FEA2EA228349140074F405 = {
			isa = PBXGroup;
			children = (
				52FEA2F5228349140074F405 /* Puzzle2048 */,
				52FEA30A228349170074F405 /* Puzzle2048UITests */,
				52FEA2F4228349140074F405 /* Products */,
				91F314DA395E05EA2D87B2A2 /* Pods */,
			);
			sourceTree = "<group>";
		};
		52FEA2F4228349140074F405 /* Products */ = {
			isa = PBXGroup;
			children = (
				52FEA2F3228349140074F405 /* Puzzle2048.app */,
			);
			name = Products;
			sourceTree = "<group>";
		};
		52FEA2F5228349140074F405 /* Puzzle2048 */ = {
			isa = PBXGroup;
			children = (
				52FEA3162283491B0074F405 /* Application */,
				52FEA31B22834ECD0074F405 /* Core */,
				52FEA323228372480074F405 /* Models */,
				52FEA317228349350074F405 /* Resources */,
				52FEA31A2283495B0074F405 /* Storyboard */,
				52FEA318228349410074F405 /* ViewControllers */,
				52FEA322228372430074F405 /* Views */,
			);
			path = Puzzle2048;
			sourceTree = "<group>";
		};
		52FEA30A228349170074F405 /* Puzzle2048UITests */ = {
			isa = PBXGroup;
			children = (
				52FEA30B228349170074F405 /* Puzzle2048UITests.swift */,
				52FEA30D228349170074F405 /* Info.plist */,
			);
			path = Puzzle2048UITests;
			sourceTree = "<group>";
		};
		52FEA3162283491B0074F405 /* Application */ = {
			isa = PBXGroup;
			children = (
				52FEA2F6228349140074F405 /* AppDelegate.swift */,
				52FEA302228349170074F405 /* Info.plist */,
			);
			path = Application;
			sourceTree = "<group>";
		};
		52FEA317228349350074F405 /* Resources */ = {
			isa = PBXGroup;
			children = (
				52FEA2FD228349170074F405 /* Assets.xcassets */,
			);
			path = Resources;
			sourceTree = "<group>";
		};
		52FEA318228349410074F405 /* ViewControllers */ = {
			isa = PBXGroup;
			children = (
				52FEA2F8228349140074F405 /* GameViewController.swift */,
			);
			path = ViewControllers;
			sourceTree = "<group>";
		};
		52FEA31A2283495B0074F405 /* Storyboard */ = {
			isa = PBXGroup;
			children = (
				52FEA2FF228349170074F405 /* LaunchScreen.storyboard */,
			);
			path = Storyboard;
			sourceTree = "<group>";
		};
		52FEA31B22834ECD0074F405 /* Core */ = {
			isa = PBXGroup;
			children = (
				52FEA31C22834ED20074F405 /* Extensions */,
			);
			path = Core;
			sourceTree = "<group>";
		};
		52FEA31C22834ED20074F405 /* Extensions */ = {
			isa = PBXGroup;
			children = (
				52FEA335228432430074F405 /* Extensions */,
				52FEA31D22834EE10074F405 /* UIViewExtensions.swift */,
			);
			path = Extensions;
			sourceTree = "<group>";
		};
		52FEA322228372430074F405 /* Views */ = {
			isa = PBXGroup;
			children = (
				52FEA324228372760074F405 /* TileView.swift */,
				52FEA331228410440074F405 /* GameboardView.swift */,
			);
			path = Views;
			sourceTree = "<group>";
		};
		52FEA323228372480074F405 /* Models */ = {
			isa = PBXGroup;
			children = (
				52FEA34D2286AEA60074F405 /* GameSession */,
				52FEA34822844AE10074F405 /* Support */,
				52FEA3262283729A0074F405 /* AppearanceProvider.swift */,
				52FEA33A228432C10074F405 /* AnimationEngine.swift */,
				52FEA33C228434240074F405 /* TilePosition.swift */,
				52FEA34222843D780074F405 /* TileObject.swift */,
			);
			path = Models;
			sourceTree = "<group>";
		};
		52FEA335228432430074F405 /* Extensions */ = {
			isa = PBXGroup;
			children = (
				52FEA336228432430074F405 /* UIViewExtensions.swift */,
				52FEA337228432430074F405 /* UIButtonExtensions.swift */,
			);
			name = Extensions;
			sourceTree = "<group>";
		};
		52FEA34822844AE10074F405 /* Support */ = {
			isa = PBXGroup;
			children = (
				52FEA34922844AEE0074F405 /* MoveDirection.swift */,
				52FEA34B22844CD80074F405 /* MoveCommand.swift */,
			);
			path = Support;
			sourceTree = "<group>";
		};
		52FEA34D2286AEA60074F405 /* GameSession */ = {
			isa = PBXGroup;
			children = (
				52FEA33E228438650074F405 /* GameSession.swift */,
				52FEA34022843B590074F405 /* GameSessionDelegate.swift */,
				52FEA34E2286AEC10074F405 /* GameSessionStorage.swift */,
				52FEA34422843DB10074F405 /* SquareGameboard.swift */,
			);
			path = GameSession;
			sourceTree = "<group>";
		};
		91F314DA395E05EA2D87B2A2 /* Pods */ = {
			isa = PBXGroup;
			children = (
			);
			path = Pods;
			sourceTree = "<group>";
		};
/* End PBXGroup section */

/* Begin PBXNativeTarget section */
		52FEA2F2228349140074F405 /* Puzzle2048 */ = {
			isa = PBXNativeTarget;
			buildConfigurationList = 52FEA310228349170074F405 /* Build configuration list for PBXNativeTarget "Puzzle2048" */;
			buildPhases = (
				52FEA2EF228349140074F405 /* Sources */,
				52FEA2F0228349140074F405 /* Frameworks */,
				52FEA2F1228349140074F405 /* Resources */,
			);
			buildRules = (
			);
			dependencies = (
			);
			name = Puzzle2048;
			productName = Puzzle2048;
			productReference = 52FEA2F3228349140074F405 /* Puzzle2048.app */;
			productType = "com.apple.product-type.application";
		};
/* End PBXNativeTarget section */

/* Begin PBXProject section */
		52FEA2EB228349140074F405 /* Project object */ = {
			isa = PBXProject;
			attributes = {
				LastSwiftUpdateCheck = 1020;
				LastUpgradeCheck = 1020;
				ORGANIZATIONNAME = "Евгений Суханов";
				TargetAttributes = {
					52FEA2F2228349140074F405 = {
						CreatedOnToolsVersion = 10.2.1;
					};
				};
			};
			buildConfigurationList = 52FEA2EE228349140074F405 /* Build configuration list for PBXProject "Puzzle2048" */;
			compatibilityVersion = "Xcode 9.3";
			developmentRegion = en;
			hasScannedForEncodings = 0;
			knownRegions = (
				en,
				Base,
			);
			mainGroup = 52FEA2EA228349140074F405;
			productRefGroup = 52FEA2F4228349140074F405 /* Products */;
			projectDirPath = "";
			projectRoot = "";
			targets = (
				52FEA2F2228349140074F405 /* Puzzle2048 */,
			);
		};
/* End PBXProject section */

/* Begin PBXResourcesBuildPhase section */
		52FEA2F1228349140074F405 /* Resources */ = {
			isa = PBXResourcesBuildPhase;
			buildActionMask = 2147483647;
			files = (
				52FEA301228349170074F405 /* LaunchScreen.storyboard in Resources */,
				52FEA2FE228349170074F405 /* Assets.xcassets in Resources */,
			);
			runOnlyForDeploymentPostprocessing = 0;
		};
/* End PBXResourcesBuildPhase section */

/* Begin PBXSourcesBuildPhase section */
		52FEA2EF228349140074F405 /* Sources */ = {
			isa = PBXSourcesBuildPhase;
			buildActionMask = 2147483647;
			files = (
				52FEA34322843D780074F405 /* TileObject.swift in Sources */,
				52FEA33F228438650074F405 /* GameSession.swift in Sources */,
				52FEA2F9228349140074F405 /* GameViewController.swift in Sources */,
				52FEA31E22834EE10074F405 /* UIViewExtensions.swift in Sources */,
				52FEA338228432430074F405 /* UIViewExtensions.swift in Sources */,
				52FEA34C22844CD80074F405 /* MoveCommand.swift in Sources */,
				52FEA34522843DB10074F405 /* SquareGameboard.swift in Sources */,
				52FEA34A22844AEE0074F405 /* MoveDirection.swift in Sources */,
				52FEA3272283729A0074F405 /* AppearanceProvider.swift in Sources */,
				52FEA34122843B590074F405 /* GameSessionDelegate.swift in Sources */,
				52FEA33D228434240074F405 /* TilePosition.swift in Sources */,
				52FEA34F2286AEC10074F405 /* GameSessionStorage.swift in Sources */,
				52FEA332228410440074F405 /* GameboardView.swift in Sources */,
				52FEA33B228432C10074F405 /* AnimationEngine.swift in Sources */,
				52FEA339228432430074F405 /* UIButtonExtensions.swift in Sources */,
				52FEA325228372760074F405 /* TileView.swift in Sources */,
				52FEA2F7228349140074F405 /* AppDelegate.swift in Sources */,
			);
			runOnlyForDeploymentPostprocessing = 0;
		};
/* End PBXSourcesBuildPhase section */

/* Begin PBXVariantGroup section */
		52FEA2FF228349170074F405 /* LaunchScreen.storyboard */ = {
			isa = PBXVariantGroup;
			children = (
				52FEA300228349170074F405 /* Base */,
			);
			name = LaunchScreen.storyboard;
			sourceTree = "<group>";
		};
/* End PBXVariantGroup section */

/* Begin XCBuildConfiguration section */
		52FEA30E228349170074F405 /* Debug */ = {
			isa = XCBuildConfiguration;
			buildSettings = {
				ALWAYS_SEARCH_USER_PATHS = NO;
				CLANG_ANALYZER_NONNULL = YES;
				CLANG_ANALYZER_NUMBER_OBJECT_CONVERSION = YES_AGGRESSIVE;
				CLANG_CXX_LANGUAGE_STANDARD = "gnu++14";
				CLANG_CXX_LIBRARY = "libc++";
				CLANG_ENABLE_MODULES = YES;
				CLANG_ENABLE_OBJC_ARC = YES;
				CLANG_ENABLE_OBJC_WEAK = YES;
				CLANG_WARN_BLOCK_CAPTURE_AUTORELEASING = YES;
				CLANG_WARN_BOOL_CONVERSION = YES;
				CLANG_WARN_COMMA = YES;
				CLANG_WARN_CONSTANT_CONVERSION = YES;
				CLANG_WARN_DEPRECATED_OBJC_IMPLEMENTATIONS = YES;
				CLANG_WARN_DIRECT_OBJC_ISA_USAGE = YES_ERROR;
				CLANG_WARN_DOCUMENTATION_COMMENTS = YES;
				CLANG_WARN_EMPTY_BODY = YES;
				CLANG_WARN_ENUM_CONVERSION = YES;
				CLANG_WARN_INFINITE_RECURSION = YES;
				CLANG_WARN_INT_CONVERSION = YES;
				CLANG_WARN_NON_LITERAL_NULL_CONVERSION = YES;
				CLANG_WARN_OBJC_IMPLICIT_RETAIN_SELF = YES;
				CLANG_WARN_OBJC_LITERAL_CONVERSION = YES;
				CLANG_WARN_OBJC_ROOT_CLASS = YES_ERROR;
				CLANG_WARN_RANGE_LOOP_ANALYSIS = YES;
				CLANG_WARN_STRICT_PROTOTYPES = YES;
				CLANG_WARN_SUSPICIOUS_MOVE = YES;
				CLANG_WARN_UNGUARDED_AVAILABILITY = YES_AGGRESSIVE;
				CLANG_WARN_UNREACHABLE_CODE = YES;
				CLANG_WARN__DUPLICATE_METHOD_MATCH = YES;
				CODE_SIGN_IDENTITY = "iPhone Developer";
				COPY_PHASE_STRIP = NO;
				DEBUG_INFORMATION_FORMAT = dwarf;
				ENABLE_STRICT_OBJC_MSGSEND = YES;
				ENABLE_TESTABILITY = YES;
				GCC_C_LANGUAGE_STANDARD = gnu11;
				GCC_DYNAMIC_NO_PIC = NO;
				GCC_NO_COMMON_BLOCKS = YES;
				GCC_OPTIMIZATION_LEVEL = 0;
				GCC_PREPROCESSOR_DEFINITIONS = (
					"DEBUG=1",
					"$(inherited)",
				);
				GCC_WARN_64_TO_32_BIT_CONVERSION = YES;
				GCC_WARN_ABOUT_RETURN_TYPE = YES_ERROR;
				GCC_WARN_UNDECLARED_SELECTOR = YES;
				GCC_WARN_UNINITIALIZED_AUTOS = YES_AGGRESSIVE;
				GCC_WARN_UNUSED_FUNCTION = YES;
				GCC_WARN_UNUSED_VARIABLE = YES;
				IPHONEOS_DEPLOYMENT_TARGET = 12.2;
				MTL_ENABLE_DEBUG_INFO = INCLUDE_SOURCE;
				MTL_FAST_MATH = YES;
				ONLY_ACTIVE_ARCH = YES;
				SDKROOT = iphoneos;
				SWIFT_ACTIVE_COMPILATION_CONDITIONS = DEBUG;
				SWIFT_OPTIMIZATION_LEVEL = "-Onone";
			};
			name = Debug;
		};
		52FEA30F228349170074F405 /* Release */ = {
			isa = XCBuildConfiguration;
			buildSettings = {
				ALWAYS_SEARCH_USER_PATHS = NO;
				CLANG_ANALYZER_NONNULL = YES;
				CLANG_ANALYZER_NUMBER_OBJECT_CONVERSION = YES_AGGRESSIVE;
				CLANG_CXX_LANGUAGE_STANDARD = "gnu++14";
				CLANG_CXX_LIBRARY = "libc++";
				CLANG_ENABLE_MODULES = YES;
				CLANG_ENABLE_OBJC_ARC = YES;
				CLANG_ENABLE_OBJC_WEAK = YES;
				CLANG_WARN_BLOCK_CAPTURE_AUTORELEASING = YES;
				CLANG_WARN_BOOL_CONVERSION = YES;
				CLANG_WARN_COMMA = YES;
				CLANG_WARN_CONSTANT_CONVERSION = YES;
				CLANG_WARN_DEPRECATED_OBJC_IMPLEMENTATIONS = YES;
				CLANG_WARN_DIRECT_OBJC_ISA_USAGE = YES_ERROR;
				CLANG_WARN_DOCUMENTATION_COMMENTS = YES;
				CLANG_WARN_EMPTY_BODY = YES;
				CLANG_WARN_ENUM_CONVERSION = YES;
				CLANG_WARN_INFINITE_RECURSION = YES;
				CLANG_WARN_INT_CONVERSION = YES;
				CLANG_WARN_NON_LITERAL_NULL_CONVERSION = YES;
				CLANG_WARN_OBJC_IMPLICIT_RETAIN_SELF = YES;
				CLANG_WARN_OBJC_LITERAL_CONVERSION = YES;
				CLANG_WARN_OBJC_ROOT_CLASS = YES_ERROR;
				CLANG_WARN_RANGE_LOOP_ANALYSIS = YES;
				CLANG_WARN_STRICT_PROTOTYPES = YES;
				CLANG_WARN_SUSPICIOUS_MOVE = YES;
				CLANG_WARN_UNGUARDED_AVAILABILITY = YES_AGGRESSIVE;
				CLANG_WARN_UNREACHABLE_CODE = YES;
				CLANG_WARN__DUPLICATE_METHOD_MATCH = YES;
				CODE_SIGN_IDENTITY = "iPhone Developer";
				COPY_PHASE_STRIP = NO;
				DEBUG_INFORMATION_FORMAT = "dwarf-with-dsym";
				ENABLE_NS_ASSERTIONS = NO;
				ENABLE_STRICT_OBJC_MSGSEND = YES;
				GCC_C_LANGUAGE_STANDARD = gnu11;
				GCC_NO_COMMON_BLOCKS = YES;
				GCC_WARN_64_TO_32_BIT_CONVERSION = YES;
				GCC_WARN_ABOUT_RETURN_TYPE = YES_ERROR;
				GCC_WARN_UNDECLARED_SELECTOR = YES;
				GCC_WARN_UNINITIALIZED_AUTOS = YES_AGGRESSIVE;
				GCC_WARN_UNUSED_FUNCTION = YES;
				GCC_WARN_UNUSED_VARIABLE = YES;
				IPHONEOS_DEPLOYMENT_TARGET = 12.2;
				MTL_ENABLE_DEBUG_INFO = NO;
				MTL_FAST_MATH = YES;
				SDKROOT = iphoneos;
				SWIFT_COMPILATION_MODE = wholemodule;
				SWIFT_OPTIMIZATION_LEVEL = "-O";
				VALIDATE_PRODUCT = YES;
			};
			name = Release;
		};
		52FEA311228349170074F405 /* Debug */ = {
			isa = XCBuildConfiguration;
			buildSettings = {
				ASSETCATALOG_COMPILER_APPICON_NAME = AppIcon;
				CODE_SIGN_STYLE = Automatic;
				DEVELOPMENT_TEAM = RJA87JMM57;
				INFOPLIST_FILE = "$(SRCROOT)/Puzzle2048/Application/Info.plist";
				IPHONEOS_DEPLOYMENT_TARGET = 9.0;
				LD_RUNPATH_SEARCH_PATHS = (
					"$(inherited)",
					"@executable_path/Frameworks",
				);
				PRODUCT_BUNDLE_IDENTIFIER = com.se.Puzzle2048;
				PRODUCT_NAME = "$(TARGET_NAME)";
				SWIFT_VERSION = 5.0;
				TARGETED_DEVICE_FAMILY = 1;
			};
			name = Debug;
		};
		52FEA312228349170074F405 /* Release */ = {
			isa = XCBuildConfiguration;
			buildSettings = {
				ASSETCATALOG_COMPILER_APPICON_NAME = AppIcon;
				CODE_SIGN_STYLE = Automatic;
				DEVELOPMENT_TEAM = RJA87JMM57;
				INFOPLIST_FILE = "$(SRCROOT)/Puzzle2048/Application/Info.plist";
				IPHONEOS_DEPLOYMENT_TARGET = 9.0;
				LD_RUNPATH_SEARCH_PATHS = (
					"$(inherited)",
					"@executable_path/Frameworks",
				);
				PRODUCT_BUNDLE_IDENTIFIER = com.se.Puzzle2048;
				PRODUCT_NAME = "$(TARGET_NAME)";
				SWIFT_VERSION = 5.0;
				TARGETED_DEVICE_FAMILY = 1;
			};
			name = Release;
		};
/* End XCBuildConfiguration section */

/* Begin XCConfigurationList section */
		52FEA2EE228349140074F405 /* Build configuration list for PBXProject "Puzzle2048" */ = {
			isa = XCConfigurationList;
			buildConfigurations = (
				52FEA30E228349170074F405 /* Debug */,
				52FEA30F228349170074F405 /* Release */,
			);
			defaultConfigurationIsVisible = 0;
			defaultConfigurationName = Release;
		};
		52FEA310228349170074F405 /* Build configuration list for PBXNativeTarget "Puzzle2048" */ = {
			isa = XCConfigurationList;
			buildConfigurations = (
				52FEA311228349170074F405 /* Debug */,
				52FEA312228349170074F405 /* Release */,
			);
			defaultConfigurationIsVisible = 0;
			defaultConfigurationName = Release;
		};
/* End XCConfigurationList section */
	};
	rootObject = 52FEA2EB228349140074F405 /* Project object */;
}
